
Microsoft Visual Studio Solution File, Format Version 12.00
# Visual Studio Express 2013 for Windows Desktop
VisualStudioVersion = 12.0.30501.0
MinimumVisualStudioVersion = 10.0.40219.1
Project("{FAE04EC0-301F-11D3-BF4B-00C04F79EFBC}") = "XamlMvvmBasicCs", "XamlMvvmBasicCs\XamlMvvmBasicCs.csproj", "{12E8D3BB-B1EB-4AE2-922A-6EB2198E1ED7}"
EndProject
Project("{F184B08F-C81C-45F6-A57F-5ABD9991F28F}") = "XamlMvvmBasicVb", "XamlMvvmBasicVb\XamlMvvmBasicVb.vbproj", "{DDDDA842-5DA0-4373-B1D1-E7217A1E4D55}"
EndProject
Global
	GlobalSection(SolutionConfigurationPlatforms) = preSolution
		Debug|Any CPU = Debug|Any CPU
		Release|Any CPU = Release|Any CPU
	EndGlobalSection
	GlobalSection(ProjectConfigurationPlatforms) = postSolution
		{12E8D3BB-B1EB-4AE2-922A-6EB2198E1ED7}.Debug|Any CPU.ActiveCfg = Debug|Any CPU
		{12E8D3BB-B1EB-4AE2-922A-6EB2198E1ED7}.Debug|Any CPU.Build.0 = Debug|Any CPU
		{12E8D3BB-B1EB-4AE2-922A-6EB2198E1ED7}.Release|Any CPU.ActiveCfg = Release|Any CPU
		{12E8D3BB-B1EB-4AE2-922A-6EB2198E1ED7}.Release|Any CPU.Build.0 = Release|Any CPU
		{DDDDA842-5DA0-4373-B1D1-E7217A1E4D55}.Debug|Any CPU.ActiveCfg = Debug|Any CPU
		{DDDDA842-5DA0-4373-B1D1-E7217A1E4D55}.Debug|Any CPU.Build.0 = Debug|Any CPU
		{DDDDA842-5DA0-4373-B1D1-E7217A1E4D55}.Release|Any CPU.ActiveCfg = Release|Any CPU
		{DDDDA842-5DA0-4373-B1D1-E7217A1E4D55}.Release|Any CPU.Build.0 = Release|Any CPU
	EndGlobalSection
	GlobalSection(SolutionProperties) = preSolution
		HideSolutionNode = FALSE
	EndGlobalSection
EndGlobal
